
Microsoft Visual Studio Solution File, Format Version 12.00
# Visual Studio Version 16
VisualStudioVersion = 16.0.31112.23
MinimumVisualStudioVersion = 10.0.40219.1
Project("{FAE04EC0-301F-11D3-BF4B-00C04F79EFBC}") = "dotnetweb", "dotnetweb.csproj", "{159D37A5-CF42-4849-A2C0-6BCE72F26146}"
EndProject
Global
	GlobalSection(SolutionConfigurationPlatforms) = preSolution
		Debug|Any CPU = Debug|Any CPU
		Release|Any CPU = Release|Any CPU
	EndGlobalSection
	GlobalSection(ProjectConfigurationPlatforms) = postSolution
		{159D37A5-CF42-4849-A2C0-6BCE72F26146}.Debug|Any CPU.ActiveCfg = Debug|Any CPU
		{159D37A5-CF42-4849-A2C0-6BCE72F26146}.Debug|Any CPU.Build.0 = Debug|Any CPU
		{159D37A5-CF42-4849-A2C0-6BCE72F26146}.Release|Any CPU.ActiveCfg = Release|Any CPU
		{159D37A5-CF42-4849-A2C0-6BCE72F26146}.Release|Any CPU.Build.0 = Release|Any CPU
	EndGlobalSection
	GlobalSection(SolutionProperties) = preSolution
		HideSolutionNode = FALSE
	EndGlobalSection
	GlobalSection(ExtensibilityGlobals) = postSolution
		SolutionGuid = {C91E6429-A85D-4DF2-B8A3-F63B2D13FE9D}
	EndGlobalSection
EndGlobal
